
Microsoft Visual Studio Solution File, Format Version 12.00
# Visual Studio Version 17
VisualStudioVersion = 17.6.33815.320
MinimumVisualStudioVersion = 10.0.40219.1
Project("{FAE04EC0-301F-11D3-BF4B-00C04F79EFBC}") = "App2.Android", "App2\App2.Android\App2.Android.csproj", "{E979B1D2-B6D5-40C3-9AA8-10EB087F988D}"
EndProject
Project("{FAE04EC0-301F-11D3-BF4B-00C04F79EFBC}") = "App2", "App2\App2\App2.csproj", "{40066241-490B-4C02-984C-E7872C5AE324}"
EndProject
Global
	GlobalSection(SolutionConfigurationPlatforms) = preSolution
		Debug|Any CPU = Debug|Any CPU
		Release|Any CPU = Release|Any CPU
	EndGlobalSection
	GlobalSection(ProjectConfigurationPlatforms) = postSolution
		{E979B1D2-B6D5-40C3-9AA8-10EB087F988D}.Debug|Any CPU.ActiveCfg = Debug|Any CPU
		{E979B1D2-B6D5-40C3-9AA8-10EB087F988D}.Debug|Any CPU.Build.0 = Debug|Any CPU
		{E979B1D2-B6D5-40C3-9AA8-10EB087F988D}.Debug|Any CPU.Deploy.0 = Debug|Any CPU
		{E979B1D2-B6D5-40C3-9AA8-10EB087F988D}.Release|Any CPU.ActiveCfg = Release|Any CPU
		{E979B1D2-B6D5-40C3-9AA8-10EB087F988D}.Release|Any CPU.Build.0 = Release|Any CPU
		{E979B1D2-B6D5-40C3-9AA8-10EB087F988D}.Release|Any CPU.Deploy.0 = Release|Any CPU
		{40066241-490B-4C02-984C-E7872C5AE324}.Debug|Any CPU.ActiveCfg = Debug|Any CPU
		{40066241-490B-4C02-984C-E7872C5AE324}.Debug|Any CPU.Build.0 = Debug|Any CPU
		{40066241-490B-4C02-984C-E7872C5AE324}.Debug|Any CPU.Deploy.0 = Debug|Any CPU
		{40066241-490B-4C02-984C-E7872C5AE324}.Release|Any CPU.ActiveCfg = Release|Any CPU
		{40066241-490B-4C02-984C-E7872C5AE324}.Release|Any CPU.Build.0 = Release|Any CPU
		{40066241-490B-4C02-984C-E7872C5AE324}.Release|Any CPU.Deploy.0 = Release|Any CPU
	EndGlobalSection
	GlobalSection(SolutionProperties) = preSolution
		HideSolutionNode = FALSE
	EndGlobalSection
	GlobalSection(ExtensibilityGlobals) = postSolution
		SolutionGuid = {0BC67F10-A872-4F22-B695-C5795F2F5C2C}
	EndGlobalSection
EndGlobal
